
Microsoft Visual Studio Solution File, Format Version 12.00
Project("{FAE04EC0-301F-11D3-BF4B-00C04F79EFBC}") = "GraphCalendar", "GraphCalendar\GraphCalendar.csproj", "{5085EB1C-8056-4CB5-B29A-CA7BE47FDAC0}"
EndProject
Project("{FAE04EC0-301F-11D3-BF4B-00C04F79EFBC}") = "GraphCalendar.Host", "GraphCalendar.Host\GraphCalendar.Host.csproj", "{84185E44-0E09-4CB5-89C3-A2D834685FF1}"
EndProject
Global
	GlobalSection(SolutionConfigurationPlatforms) = preSolution
		Debug|Any CPU = Debug|Any CPU
		Release|Any CPU = Release|Any CPU
	EndGlobalSection
	GlobalSection(ProjectConfigurationPlatforms) = postSolution
		{5085EB1C-8056-4CB5-B29A-CA7BE47FDAC0}.Debug|Any CPU.ActiveCfg = Debug|Any CPU
		{5085EB1C-8056-4CB5-B29A-CA7BE47FDAC0}.Debug|Any CPU.Build.0 = Debug|Any CPU
		{5085EB1C-8056-4CB5-B29A-CA7BE47FDAC0}.Release|Any CPU.ActiveCfg = Release|Any CPU
		{5085EB1C-8056-4CB5-B29A-CA7BE47FDAC0}.Release|Any CPU.Build.0 = Release|Any CPU
		{84185E44-0E09-4CB5-89C3-A2D834685FF1}.Debug|Any CPU.ActiveCfg = Debug|Any CPU
		{84185E44-0E09-4CB5-89C3-A2D834685FF1}.Debug|Any CPU.Build.0 = Debug|Any CPU
		{84185E44-0E09-4CB5-89C3-A2D834685FF1}.Release|Any CPU.ActiveCfg = Release|Any CPU
		{84185E44-0E09-4CB5-89C3-A2D834685FF1}.Release|Any CPU.Build.0 = Release|Any CPU
	EndGlobalSection
EndGlobal
